// !$*UTF8*$!
{
	archiveVersion = 1;
	classes = {
	};
	objectVersion = 56;
	objects = {

/* Begin PBXBuildFile section */
		A10000000000000000000001 /* EagleInboxApp.swift in Sources */ = {isa = PBXBuildFile; fileRef = C10000000000000000000001 /* EagleInboxApp.swift */; };
		A10000000000000000000002 /* AppModel.swift in Sources */ = {isa = PBXBuildFile; fileRef = C10000000000000000000002 /* AppModel.swift */; };
		A10000000000000000000003 /* ContentView.swift in Sources */ = {isa = PBXBuildFile; fileRef = C10000000000000000000003 /* ContentView.swift */; };
		A10000000000000000000004 /* SettingsView.swift in Sources */ = {isa = PBXBuildFile; fileRef = C10000000000000000000004 /* SettingsView.swift */; };
		A10000000000000000000005 /* UploadView.swift in Sources */ = {isa = PBXBuildFile; fileRef = C10000000000000000000005 /* UploadView.swift */; };
		A10000000000000000000006 /* EagleShortcuts.swift in Sources */ = {isa = PBXBuildFile; fileRef = C1000000000000000000000C /* EagleShortcuts.swift */; };
		A10000000000000000000007 /* ProPurchaseManager.swift in Sources */ = {isa = PBXBuildFile; fileRef = C1000000000000000000000F /* ProPurchaseManager.swift */; };
		A10000000000000000000008 /* ProUpgradeView.swift in Sources */ = {isa = PBXBuildFile; fileRef = C10000000000000000000010 /* ProUpgradeView.swift */; };
		A10000000000000000000009 /* AppDiagnostics.swift in Sources */ = {isa = PBXBuildFile; fileRef = C10000000000000000000034 /* AppDiagnostics.swift */; };
		A10000000000000000000011 /* SharedIdentifiers.swift in Sources */ = {isa = PBXBuildFile; fileRef = C10000000000000000000021 /* SharedIdentifiers.swift */; };
		A10000000000000000000012 /* EagleConnection.swift in Sources */ = {isa = PBXBuildFile; fileRef = C10000000000000000000022 /* EagleConnection.swift */; };
		A10000000000000000000013 /* EagleClientError.swift in Sources */ = {isa = PBXBuildFile; fileRef = C10000000000000000000023 /* EagleClientError.swift */; };
		A10000000000000000000014 /* SharedSettingsStore.swift in Sources */ = {isa = PBXBuildFile; fileRef = C10000000000000000000024 /* SharedSettingsStore.swift */; };
		A10000000000000000000015 /* EagleUploadModels.swift in Sources */ = {isa = PBXBuildFile; fileRef = C10000000000000000000025 /* EagleUploadModels.swift */; };
		A10000000000000000000016 /* Base64JSONBodyWriter.swift in Sources */ = {isa = PBXBuildFile; fileRef = C10000000000000000000026 /* Base64JSONBodyWriter.swift */; };
		A10000000000000000000017 /* EagleAPIClient.swift in Sources */ = {isa = PBXBuildFile; fileRef = C10000000000000000000027 /* EagleAPIClient.swift */; };
		A10000000000000000000018 /* MediaFileSupport.swift in Sources */ = {isa = PBXBuildFile; fileRef = C10000000000000000000028 /* MediaFileSupport.swift */; };
		A10000000000000000000019 /* EagleTag.swift in Sources */ = {isa = PBXBuildFile; fileRef = C10000000000000000000029 /* EagleTag.swift */; };
		A1000000000000000000001A /* SendActionButton.swift in Sources */ = {isa = PBXBuildFile; fileRef = C1000000000000000000002A /* SendActionButton.swift */; };
		A1000000000000000000001B /* SystemUploadNotifier.swift in Sources */ = {isa = PBXBuildFile; fileRef = C1000000000000000000002B /* SystemUploadNotifier.swift */; };
		A1000000000000000000001C /* UploadQueueItemRow.swift in Sources */ = {isa = PBXBuildFile; fileRef = C1000000000000000000002C /* UploadQueueItemRow.swift */; };
		A1000000000000000000001D /* ConnectionEditorDraft.swift in Sources */ = {isa = PBXBuildFile; fileRef = C1000000000000000000002D /* ConnectionEditorDraft.swift */; };
		A1000000000000000000001E /* ConnectionEditorComponents.swift in Sources */ = {isa = PBXBuildFile; fileRef = C1000000000000000000002E /* ConnectionEditorComponents.swift */; };
		A1000000000000000000001F /* TagSelectionView.swift in Sources */ = {isa = PBXBuildFile; fileRef = C1000000000000000000002F /* TagSelectionView.swift */; };
		A10000000000000000000020 /* ProEntitlementStore.swift in Sources */ = {isa = PBXBuildFile; fileRef = C10000000000000000000033 /* ProEntitlementStore.swift */; };
		A10000000000000000000021 /* Assets.xcassets in Resources */ = {isa = PBXBuildFile; fileRef = C10000000000000000000008 /* Assets.xcassets */; };
		A10000000000000000000022 /* PrivacyInfo.xcprivacy in Resources */ = {isa = PBXBuildFile; fileRef = C10000000000000000000009 /* PrivacyInfo.xcprivacy */; };
		A10000000000000000000023 /* IMG_0001.jpg in Resources */ = {isa = PBXBuildFile; fileRef = C1000000000000000000000A /* IMG_0001.jpg */; };
		A10000000000000000000024 /* IMG_0111.jpg in Resources */ = {isa = PBXBuildFile; fileRef = C1000000000000000000000B /* IMG_0111.jpg */; };
		A10000000000000000000025 /* Localizable.xcstrings in Resources */ = {isa = PBXBuildFile; fileRef = C10000000000000000000030 /* Localizable.xcstrings */; };
		A10000000000000000000026 /* InfoPlist.xcstrings in Resources */ = {isa = PBXBuildFile; fileRef = C1000000000000000000000D /* InfoPlist.xcstrings */; };
		A10000000000000000000027 /* AppShortcuts.xcstrings in Resources */ = {isa = PBXBuildFile; fileRef = C1000000000000000000000E /* AppShortcuts.xcstrings */; };
		A10000000000000000000030 /* EagleInboxShare.appex in Embed App Extensions */ = {isa = PBXBuildFile; fileRef = C10000000000000000000032 /* EagleInboxShare.appex */; settings = {ATTRIBUTES = (CodeSignOnCopy, RemoveHeadersOnCopy, ); }; };
		B10000000000000000000001 /* ShareViewController.swift in Sources */ = {isa = PBXBuildFile; fileRef = C10000000000000000000011 /* ShareViewController.swift */; };
		B10000000000000000000002 /* ShareMediaLoader.swift in Sources */ = {isa = PBXBuildFile; fileRef = C10000000000000000000012 /* ShareMediaLoader.swift */; };
		B10000000000000000000003 /* ShareUploadViewModel.swift in Sources */ = {isa = PBXBuildFile; fileRef = C10000000000000000000013 /* ShareUploadViewModel.swift */; };
		B10000000000000000000004 /* ShareUploadView.swift in Sources */ = {isa = PBXBuildFile; fileRef = C10000000000000000000014 /* ShareUploadView.swift */; };
		B10000000000000000000009 /* AppDiagnostics.swift in Sources */ = {isa = PBXBuildFile; fileRef = C10000000000000000000034 /* AppDiagnostics.swift */; };
		B10000000000000000000011 /* SharedIdentifiers.swift in Sources */ = {isa = PBXBuildFile; fileRef = C10000000000000000000021 /* SharedIdentifiers.swift */; };
		B10000000000000000000012 /* EagleConnection.swift in Sources */ = {isa = PBXBuildFile; fileRef = C10000000000000000000022 /* EagleConnection.swift */; };
		B10000000000000000000013 /* EagleClientError.swift in Sources */ = {isa = PBXBuildFile; fileRef = C10000000000000000000023 /* EagleClientError.swift */; };
		B10000000000000000000014 /* SharedSettingsStore.swift in Sources */ = {isa = PBXBuildFile; fileRef = C10000000000000000000024 /* SharedSettingsStore.swift */; };
		B10000000000000000000015 /* EagleUploadModels.swift in Sources */ = {isa = PBXBuildFile; fileRef = C10000000000000000000025 /* EagleUploadModels.swift */; };
		B10000000000000000000016 /* Base64JSONBodyWriter.swift in Sources */ = {isa = PBXBuildFile; fileRef = C10000000000000000000026 /* Base64JSONBodyWriter.swift */; };
		B10000000000000000000017 /* EagleAPIClient.swift in Sources */ = {isa = PBXBuildFile; fileRef = C10000000000000000000027 /* EagleAPIClient.swift */; };
		B10000000000000000000018 /* MediaFileSupport.swift in Sources */ = {isa = PBXBuildFile; fileRef = C10000000000000000000028 /* MediaFileSupport.swift */; };
		B10000000000000000000019 /* EagleTag.swift in Sources */ = {isa = PBXBuildFile; fileRef = C10000000000000000000029 /* EagleTag.swift */; };
		B1000000000000000000001A /* SendActionButton.swift in Sources */ = {isa = PBXBuildFile; fileRef = C1000000000000000000002A /* SendActionButton.swift */; };
		B1000000000000000000001B /* SystemUploadNotifier.swift in Sources */ = {isa = PBXBuildFile; fileRef = C1000000000000000000002B /* SystemUploadNotifier.swift */; };
		B1000000000000000000001C /* UploadQueueItemRow.swift in Sources */ = {isa = PBXBuildFile; fileRef = C1000000000000000000002C /* UploadQueueItemRow.swift */; };
		B1000000000000000000001D /* ConnectionEditorDraft.swift in Sources */ = {isa = PBXBuildFile; fileRef = C1000000000000000000002D /* ConnectionEditorDraft.swift */; };
		B1000000000000000000001E /* ConnectionEditorComponents.swift in Sources */ = {isa = PBXBuildFile; fileRef = C1000000000000000000002E /* ConnectionEditorComponents.swift */; };
		B1000000000000000000001F /* TagSelectionView.swift in Sources */ = {isa = PBXBuildFile; fileRef = C1000000000000000000002F /* TagSelectionView.swift */; };
		B10000000000000000000020 /* ProEntitlementStore.swift in Sources */ = {isa = PBXBuildFile; fileRef = C10000000000000000000033 /* ProEntitlementStore.swift */; };
		B10000000000000000000021 /* PrivacyInfo.xcprivacy in Resources */ = {isa = PBXBuildFile; fileRef = C10000000000000000000017 /* PrivacyInfo.xcprivacy */; };
		B10000000000000000000022 /* Localizable.xcstrings in Resources */ = {isa = PBXBuildFile; fileRef = C10000000000000000000030 /* Localizable.xcstrings */; };
		B10000000000000000000023 /* InfoPlist.xcstrings in Resources */ = {isa = PBXBuildFile; fileRef = C10000000000000000000018 /* InfoPlist.xcstrings */; };
		C30000000000000000000001 /* ConnectionsNavigationUITests.swift in Sources */ = {isa = PBXBuildFile; fileRef = C10000000000000000000041 /* ConnectionsNavigationUITests.swift */; };
/* End PBXBuildFile section */

/* Begin PBXContainerItemProxy section */
		E10000000000000000000001 /* PBXContainerItemProxy */ = {
			isa = PBXContainerItemProxy;
			containerPortal = F10000000000000000000001 /* Project object */;
			proxyType = 1;
			remoteGlobalIDString = F10000000000000000000003;
			remoteInfo = EagleInboxShare;
		};
		E10000000000000000000003 /* PBXContainerItemProxy */ = {
			isa = PBXContainerItemProxy;
			containerPortal = F10000000000000000000001 /* Project object */;
			proxyType = 1;
			remoteGlobalIDString = F10000000000000000000002;
			remoteInfo = EagleInbox;
		};
/* End PBXContainerItemProxy section */

/* Begin PBXCopyFilesBuildPhase section */
		A20000000000000000000004 /* Embed App Extensions */ = {
			isa = PBXCopyFilesBuildPhase;
			buildActionMask = 2147483647;
			dstPath = "";
			dstSubfolderSpec = 13;
			files = (
				A10000000000000000000030 /* EagleInboxShare.appex in Embed App Extensions */,
			);
			name = "Embed App Extensions";
			runOnlyForDeploymentPostprocessing = 0;
		};
/* End PBXCopyFilesBuildPhase section */

/* Begin PBXFileReference section */
		C10000000000000000000001 /* EagleInboxApp.swift */ = {isa = PBXFileReference; lastKnownFileType = sourcecode.swift; path = EagleInboxApp.swift; sourceTree = "<group>"; };
		C10000000000000000000002 /* AppModel.swift */ = {isa = PBXFileReference; lastKnownFileType = sourcecode.swift; path = AppModel.swift; sourceTree = "<group>"; };
		C10000000000000000000003 /* ContentView.swift */ = {isa = PBXFileReference; lastKnownFileType = sourcecode.swift; path = ContentView.swift; sourceTree = "<group>"; };
		C10000000000000000000004 /* SettingsView.swift */ = {isa = PBXFileReference; lastKnownFileType = sourcecode.swift; path = SettingsView.swift; sourceTree = "<group>"; };
		C10000000000000000000005 /* UploadView.swift */ = {isa = PBXFileReference; lastKnownFileType = sourcecode.swift; path = UploadView.swift; sourceTree = "<group>"; };
		C10000000000000000000006 /* Info.plist */ = {isa = PBXFileReference; lastKnownFileType = text.plist.xml; path = Info.plist; sourceTree = "<group>"; };
		C10000000000000000000007 /* EagleInbox.entitlements */ = {isa = PBXFileReference; lastKnownFileType = text.plist.entitlements; path = EagleInbox.entitlements; sourceTree = "<group>"; };
		C10000000000000000000008 /* Assets.xcassets */ = {isa = PBXFileReference; lastKnownFileType = folder.assetcatalog; path = Assets.xcassets; sourceTree = "<group>"; };
		C10000000000000000000009 /* PrivacyInfo.xcprivacy */ = {isa = PBXFileReference; lastKnownFileType = text.xml; path = PrivacyInfo.xcprivacy; sourceTree = "<group>"; };
		C1000000000000000000000A /* IMG_0001.jpg */ = {isa = PBXFileReference; lastKnownFileType = image.jpeg; path = IMG_0001.jpg; sourceTree = "<group>"; };
		C1000000000000000000000B /* IMG_0111.jpg */ = {isa = PBXFileReference; lastKnownFileType = image.jpeg; path = IMG_0111.jpg; sourceTree = "<group>"; };
		C1000000000000000000000C /* EagleShortcuts.swift */ = {isa = PBXFileReference; lastKnownFileType = sourcecode.swift; path = EagleShortcuts.swift; sourceTree = "<group>"; };
		C1000000000000000000000D /* InfoPlist.xcstrings */ = {isa = PBXFileReference; lastKnownFileType = text.json.xcstrings; path = InfoPlist.xcstrings; sourceTree = "<group>"; };
		C1000000000000000000000E /* AppShortcuts.xcstrings */ = {isa = PBXFileReference; lastKnownFileType = text.json.xcstrings; path = AppShortcuts.xcstrings; sourceTree = "<group>"; };
		C1000000000000000000000F /* ProPurchaseManager.swift */ = {isa = PBXFileReference; lastKnownFileType = sourcecode.swift; path = ProPurchaseManager.swift; sourceTree = "<group>"; };
		C10000000000000000000010 /* ProUpgradeView.swift */ = {isa = PBXFileReference; lastKnownFileType = sourcecode.swift; path = ProUpgradeView.swift; sourceTree = "<group>"; };
		C10000000000000000000011 /* ShareViewController.swift */ = {isa = PBXFileReference; lastKnownFileType = sourcecode.swift; path = ShareViewController.swift; sourceTree = "<group>"; };
		C10000000000000000000012 /* ShareMediaLoader.swift */ = {isa = PBXFileReference; lastKnownFileType = sourcecode.swift; path = ShareMediaLoader.swift; sourceTree = "<group>"; };
		C10000000000000000000013 /* ShareUploadViewModel.swift */ = {isa = PBXFileReference; lastKnownFileType = sourcecode.swift; path = ShareUploadViewModel.swift; sourceTree = "<group>"; };
		C10000000000000000000014 /* ShareUploadView.swift */ = {isa = PBXFileReference; lastKnownFileType = sourcecode.swift; path = ShareUploadView.swift; sourceTree = "<group>"; };
		C10000000000000000000015 /* Info.plist */ = {isa = PBXFileReference; lastKnownFileType = text.plist.xml; path = Info.plist; sourceTree = "<group>"; };
		C10000000000000000000016 /* EagleInboxShare.entitlements */ = {isa = PBXFileReference; lastKnownFileType = text.plist.entitlements; path = EagleInboxShare.entitlements; sourceTree = "<group>"; };
		C10000000000000000000017 /* PrivacyInfo.xcprivacy */ = {isa = PBXFileReference; lastKnownFileType = text.xml; path = PrivacyInfo.xcprivacy; sourceTree = "<group>"; };
		C10000000000000000000018 /* InfoPlist.xcstrings */ = {isa = PBXFileReference; lastKnownFileType = text.json.xcstrings; path = InfoPlist.xcstrings; sourceTree = "<group>"; };
		C10000000000000000000021 /* SharedIdentifiers.swift */ = {isa = PBXFileReference; lastKnownFileType = sourcecode.swift; path = SharedIdentifiers.swift; sourceTree = "<group>"; };
		C10000000000000000000022 /* EagleConnection.swift */ = {isa = PBXFileReference; lastKnownFileType = sourcecode.swift; path = EagleConnection.swift; sourceTree = "<group>"; };
		C10000000000000000000023 /* EagleClientError.swift */ = {isa = PBXFileReference; lastKnownFileType = sourcecode.swift; path = EagleClientError.swift; sourceTree = "<group>"; };
		C10000000000000000000024 /* SharedSettingsStore.swift */ = {isa = PBXFileReference; lastKnownFileType = sourcecode.swift; path = SharedSettingsStore.swift; sourceTree = "<group>"; };
		C10000000000000000000025 /* EagleUploadModels.swift */ = {isa = PBXFileReference; lastKnownFileType = sourcecode.swift; path = EagleUploadModels.swift; sourceTree = "<group>"; };
		C10000000000000000000026 /* Base64JSONBodyWriter.swift */ = {isa = PBXFileReference; lastKnownFileType = sourcecode.swift; path = Base64JSONBodyWriter.swift; sourceTree = "<group>"; };
		C10000000000000000000027 /* EagleAPIClient.swift */ = {isa = PBXFileReference; lastKnownFileType = sourcecode.swift; path = EagleAPIClient.swift; sourceTree = "<group>"; };
		C10000000000000000000028 /* MediaFileSupport.swift */ = {isa = PBXFileReference; lastKnownFileType = sourcecode.swift; path = MediaFileSupport.swift; sourceTree = "<group>"; };
		C10000000000000000000029 /* EagleTag.swift */ = {isa = PBXFileReference; lastKnownFileType = sourcecode.swift; path = EagleTag.swift; sourceTree = "<group>"; };
		C1000000000000000000002A /* SendActionButton.swift */ = {isa = PBXFileReference; lastKnownFileType = sourcecode.swift; path = SendActionButton.swift; sourceTree = "<group>"; };
		C1000000000000000000002B /* SystemUploadNotifier.swift */ = {isa = PBXFileReference; lastKnownFileType = sourcecode.swift; path = SystemUploadNotifier.swift; sourceTree = "<group>"; };
		C1000000000000000000002C /* UploadQueueItemRow.swift */ = {isa = PBXFileReference; lastKnownFileType = sourcecode.swift; path = UploadQueueItemRow.swift; sourceTree = "<group>"; };
		C1000000000000000000002D /* ConnectionEditorDraft.swift */ = {isa = PBXFileReference; lastKnownFileType = sourcecode.swift; path = ConnectionEditorDraft.swift; sourceTree = "<group>"; };
		C1000000000000000000002E /* ConnectionEditorComponents.swift */ = {isa = PBXFileReference; lastKnownFileType = sourcecode.swift; path = ConnectionEditorComponents.swift; sourceTree = "<group>"; };
		C1000000000000000000002F /* TagSelectionView.swift */ = {isa = PBXFileReference; lastKnownFileType = sourcecode.swift; path = TagSelectionView.swift; sourceTree = "<group>"; };
		C10000000000000000000030 /* Localizable.xcstrings */ = {isa = PBXFileReference; lastKnownFileType = text.json.xcstrings; path = Localizable.xcstrings; sourceTree = "<group>"; };
		C10000000000000000000031 /* EagleInbox.app */ = {isa = PBXFileReference; explicitFileType = wrapper.application; includeInIndex = 0; path = EagleInbox.app; sourceTree = BUILT_PRODUCTS_DIR; };
		C10000000000000000000032 /* EagleInboxShare.appex */ = {isa = PBXFileReference; explicitFileType = "wrapper.app-extension"; includeInIndex = 0; path = EagleInboxShare.appex; sourceTree = BUILT_PRODUCTS_DIR; };
		C10000000000000000000033 /* ProEntitlementStore.swift */ = {isa = PBXFileReference; lastKnownFileType = sourcecode.swift; path = ProEntitlementStore.swift; sourceTree = "<group>"; };
		C10000000000000000000034 /* AppDiagnostics.swift */ = {isa = PBXFileReference; lastKnownFileType = sourcecode.swift; path = AppDiagnostics.swift; sourceTree = "<group>"; };
		C10000000000000000000041 /* ConnectionsNavigationUITests.swift */ = {isa = PBXFileReference; lastKnownFileType = sourcecode.swift; path = ConnectionsNavigationUITests.swift; sourceTree = "<group>"; };
		C10000000000000000000042 /* EagleInboxUITests.xctest */ = {isa = PBXFileReference; explicitFileType = wrapper.cfbundle; includeInIndex = 0; path = EagleInboxUITests.xctest; sourceTree = BUILT_PRODUCTS_DIR; };
		D6684D9F302D910F00D3CC05 /* EagleInboxProducts.storekit */ = {isa = PBXFileReference; lastKnownFileType = text; path = EagleInboxProducts.storekit; sourceTree = "<group>"; };
/* End PBXFileReference section */

/* Begin PBXFrameworksBuildPhase section */
		A20000000000000000000002 /* Frameworks */ = {
			isa = PBXFrameworksBuildPhase;
			buildActionMask = 2147483647;
			files = (
			);
			runOnlyForDeploymentPostprocessing = 0;
		};
		B20000000000000000000002 /* Frameworks */ = {
			isa = PBXFrameworksBuildPhase;
			buildActionMask = 2147483647;
			files = (
			);
			runOnlyForDeploymentPostprocessing = 0;
		};
		C20000000000000000000002 /* Frameworks */ = {
			isa = PBXFrameworksBuildPhase;
			buildActionMask = 2147483647;
			files = (
			);
			runOnlyForDeploymentPostprocessing = 0;
		};
/* End PBXFrameworksBuildPhase section */

/* Begin PBXGroup section */
		D10000000000000000000001 = {
			isa = PBXGroup;
			children = (
				D6684D9F302D910F00D3CC05 /* EagleInboxProducts.storekit */,
				D10000000000000000000002 /* EagleInbox */,
				D10000000000000000000003 /* EagleInboxShare */,
				D10000000000000000000006 /* EagleInboxUITests */,
				D10000000000000000000004 /* Shared */,
				D10000000000000000000005 /* Products */,
			);
			sourceTree = "<group>";
		};
		D10000000000000000000002 /* EagleInbox */ = {
			isa = PBXGroup;
			children = (
				C10000000000000000000001 /* EagleInboxApp.swift */,
				C10000000000000000000002 /* AppModel.swift */,
				C10000000000000000000003 /* ContentView.swift */,
				C10000000000000000000004 /* SettingsView.swift */,
				C10000000000000000000005 /* UploadView.swift */,
				C1000000000000000000000C /* EagleShortcuts.swift */,
				C1000000000000000000000F /* ProPurchaseManager.swift */,
				C10000000000000000000010 /* ProUpgradeView.swift */,
				C1000000000000000000000E /* AppShortcuts.xcstrings */,
				C1000000000000000000000D /* InfoPlist.xcstrings */,
				C10000000000000000000008 /* Assets.xcassets */,
				D10000000000000000000007 /* ScreenshotFixtures */,
				C10000000000000000000009 /* PrivacyInfo.xcprivacy */,
				C10000000000000000000006 /* Info.plist */,
				C10000000000000000000007 /* EagleInbox.entitlements */,
			);
			path = EagleInbox;
			sourceTree = "<group>";
		};
		D10000000000000000000003 /* EagleInboxShare */ = {
			isa = PBXGroup;
			children = (
				C10000000000000000000011 /* ShareViewController.swift */,
				C10000000000000000000012 /* ShareMediaLoader.swift */,
				C10000000000000000000013 /* ShareUploadViewModel.swift */,
				C10000000000000000000014 /* ShareUploadView.swift */,
				C10000000000000000000018 /* InfoPlist.xcstrings */,
				C10000000000000000000017 /* PrivacyInfo.xcprivacy */,
				C10000000000000000000015 /* Info.plist */,
				C10000000000000000000016 /* EagleInboxShare.entitlements */,
			);
			path = EagleInboxShare;
			sourceTree = "<group>";
		};
		D10000000000000000000004 /* Shared */ = {
			isa = PBXGroup;
			children = (
				C10000000000000000000034 /* AppDiagnostics.swift */,
				C10000000000000000000021 /* SharedIdentifiers.swift */,
				C10000000000000000000022 /* EagleConnection.swift */,
				C10000000000000000000023 /* EagleClientError.swift */,
				C10000000000000000000024 /* SharedSettingsStore.swift */,
				C10000000000000000000025 /* EagleUploadModels.swift */,
				C10000000000000000000026 /* Base64JSONBodyWriter.swift */,
				C10000000000000000000027 /* EagleAPIClient.swift */,
				C10000000000000000000028 /* MediaFileSupport.swift */,
				C10000000000000000000029 /* EagleTag.swift */,
				C1000000000000000000002A /* SendActionButton.swift */,
				C1000000000000000000002B /* SystemUploadNotifier.swift */,
				C1000000000000000000002C /* UploadQueueItemRow.swift */,
				C1000000000000000000002D /* ConnectionEditorDraft.swift */,
				C1000000000000000000002E /* ConnectionEditorComponents.swift */,
				C1000000000000000000002F /* TagSelectionView.swift */,
				C10000000000000000000033 /* ProEntitlementStore.swift */,
				C10000000000000000000030 /* Localizable.xcstrings */,
			);
			path = Shared;
			sourceTree = "<group>";
		};
		D10000000000000000000005 /* Products */ = {
			isa = PBXGroup;
			children = (
				C10000000000000000000031 /* EagleInbox.app */,
				C10000000000000000000032 /* EagleInboxShare.appex */,
				C10000000000000000000042 /* EagleInboxUITests.xctest */,
			);
			name = Products;
			sourceTree = "<group>";
		};
		D10000000000000000000006 /* EagleInboxUITests */ = {
			isa = PBXGroup;
			children = (
				C10000000000000000000041 /* ConnectionsNavigationUITests.swift */,
			);
			path = EagleInboxUITests;
			sourceTree = "<group>";
		};
		D10000000000000000000007 /* ScreenshotFixtures */ = {
			isa = PBXGroup;
			children = (
				C1000000000000000000000A /* IMG_0001.jpg */,
				C1000000000000000000000B /* IMG_0111.jpg */,
			);
			path = ScreenshotFixtures;
			sourceTree = "<group>";
		};
/* End PBXGroup section */

/* Begin PBXNativeTarget section */
		F10000000000000000000002 /* EagleInbox */ = {
			isa = PBXNativeTarget;
			buildConfigurationList = F30000000000000000000002 /* Build configuration list for PBXNativeTarget "EagleInbox" */;
			buildPhases = (
				A20000000000000000000001 /* Sources */,
				A20000000000000000000002 /* Frameworks */,
				A20000000000000000000003 /* Resources */,
				A20000000000000000000004 /* Embed App Extensions */,
			);
			buildRules = (
			);
			dependencies = (
				E10000000000000000000002 /* PBXTargetDependency */,
			);
			name = EagleInbox;
			productName = EagleInbox;
			productReference = C10000000000000000000031 /* EagleInbox.app */;
			productType = "com.apple.product-type.application";
		};
		F10000000000000000000003 /* EagleInboxShare */ = {
			isa = PBXNativeTarget;
			buildConfigurationList = F30000000000000000000003 /* Build configuration list for PBXNativeTarget "EagleInboxShare" */;
			buildPhases = (
				B20000000000000000000001 /* Sources */,
				B20000000000000000000002 /* Frameworks */,
				B20000000000000000000003 /* Resources */,
			);
			buildRules = (
			);
			dependencies = (
			);
			name = EagleInboxShare;
			productName = EagleInboxShare;
			productReference = C10000000000000000000032 /* EagleInboxShare.appex */;
			productType = "com.apple.product-type.app-extension";
		};
		F10000000000000000000004 /* EagleInboxUITests */ = {
			isa = PBXNativeTarget;
			buildConfigurationList = F30000000000000000000004 /* Build configuration list for PBXNativeTarget "EagleInboxUITests" */;
			buildPhases = (
				C20000000000000000000001 /* Sources */,
				C20000000000000000000002 /* Frameworks */,
				C20000000000000000000003 /* Resources */,
			);
			buildRules = (
			);
			dependencies = (
				E10000000000000000000004 /* PBXTargetDependency */,
			);
			name = EagleInboxUITests;
			productName = EagleInboxUITests;
			productReference = C10000000000000000000042 /* EagleInboxUITests.xctest */;
			productType = "com.apple.product-type.bundle.ui-testing";
		};
/* End PBXNativeTarget section */

/* Begin PBXProject section */
		F10000000000000000000001 /* Project object */ = {
			isa = PBXProject;
			attributes = {
				BuildIndependentTargetsInParallel = YES;
				LastSwiftUpdateCheck = 2620;
				LastUpgradeCheck = 2620;
				TargetAttributes = {
					F10000000000000000000002 = {
						CreatedOnToolsVersion = 26.2;
					};
					F10000000000000000000003 = {
						CreatedOnToolsVersion = 26.2;
					};
					F10000000000000000000004 = {
						CreatedOnToolsVersion = 26.2;
						TestTargetID = F10000000000000000000002;
					};
				};
			};
			buildConfigurationList = F30000000000000000000001 /* Build configuration list for PBXProject "EagleInbox" */;
			compatibilityVersion = "Xcode 14.0";
			developmentRegion = en;
			hasScannedForEncodings = 0;
			knownRegions = (
				Base,
				ja,
				en,
			);
			mainGroup = D10000000000000000000001;
			productRefGroup = D10000000000000000000005 /* Products */;
			projectDirPath = "";
			projectRoot = "";
			targets = (
				F10000000000000000000002 /* EagleInbox */,
				F10000000000000000000003 /* EagleInboxShare */,
				F10000000000000000000004 /* EagleInboxUITests */,
			);
		};
/* End PBXProject section */

/* Begin PBXResourcesBuildPhase section */
		A20000000000000000000003 /* Resources */ = {
			isa = PBXResourcesBuildPhase;
			buildActionMask = 2147483647;
			files = (
				A10000000000000000000027 /* AppShortcuts.xcstrings in Resources */,
				A10000000000000000000021 /* Assets.xcassets in Resources */,
				A10000000000000000000023 /* IMG_0001.jpg in Resources */,
				A10000000000000000000024 /* IMG_0111.jpg in Resources */,
				A10000000000000000000026 /* InfoPlist.xcstrings in Resources */,
				A10000000000000000000025 /* Localizable.xcstrings in Resources */,
				A10000000000000000000022 /* PrivacyInfo.xcprivacy in Resources */,
			);
			runOnlyForDeploymentPostprocessing = 0;
		};
		B20000000000000000000003 /* Resources */ = {
			isa = PBXResourcesBuildPhase;
			buildActionMask = 2147483647;
			files = (
				B10000000000000000000023 /* InfoPlist.xcstrings in Resources */,
				B10000000000000000000022 /* Localizable.xcstrings in Resources */,
				B10000000000000000000021 /* PrivacyInfo.xcprivacy in Resources */,
			);
			runOnlyForDeploymentPostprocessing = 0;
		};
		C20000000000000000000003 /* Resources */ = {
			isa = PBXResourcesBuildPhase;
			buildActionMask = 2147483647;
			files = (
			);
			runOnlyForDeploymentPostprocessing = 0;
		};
/* End PBXResourcesBuildPhase section */

/* Begin PBXSourcesBuildPhase section */
		A20000000000000000000001 /* Sources */ = {
			isa = PBXSourcesBuildPhase;
			buildActionMask = 2147483647;
			files = (
				A10000000000000000000001 /* EagleInboxApp.swift in Sources */,
				A10000000000000000000002 /* AppModel.swift in Sources */,
				A10000000000000000000003 /* ContentView.swift in Sources */,
				A10000000000000000000004 /* SettingsView.swift in Sources */,
				A10000000000000000000005 /* UploadView.swift in Sources */,
				A10000000000000000000006 /* EagleShortcuts.swift in Sources */,
				A10000000000000000000007 /* ProPurchaseManager.swift in Sources */,
				A10000000000000000000008 /* ProUpgradeView.swift in Sources */,
				A10000000000000000000009 /* AppDiagnostics.swift in Sources */,
				A10000000000000000000011 /* SharedIdentifiers.swift in Sources */,
				A10000000000000000000012 /* EagleConnection.swift in Sources */,
				A10000000000000000000013 /* EagleClientError.swift in Sources */,
				A10000000000000000000014 /* SharedSettingsStore.swift in Sources */,
				A10000000000000000000015 /* EagleUploadModels.swift in Sources */,
				A10000000000000000000016 /* Base64JSONBodyWriter.swift in Sources */,
				A10000000000000000000017 /* EagleAPIClient.swift in Sources */,
				A10000000000000000000018 /* MediaFileSupport.swift in Sources */,
				A10000000000000000000019 /* EagleTag.swift in Sources */,
				A1000000000000000000001A /* SendActionButton.swift in Sources */,
				A1000000000000000000001B /* SystemUploadNotifier.swift in Sources */,
				A1000000000000000000001C /* UploadQueueItemRow.swift in Sources */,
				A1000000000000000000001D /* ConnectionEditorDraft.swift in Sources */,
				A1000000000000000000001E /* ConnectionEditorComponents.swift in Sources */,
				A1000000000000000000001F /* TagSelectionView.swift in Sources */,
				A10000000000000000000020 /* ProEntitlementStore.swift in Sources */,
			);
			runOnlyForDeploymentPostprocessing = 0;
		};
		B20000000000000000000001 /* Sources */ = {
			isa = PBXSourcesBuildPhase;
			buildActionMask = 2147483647;
			files = (
				B10000000000000000000001 /* ShareViewController.swift in Sources */,
				B10000000000000000000002 /* ShareMediaLoader.swift in Sources */,
				B10000000000000000000003 /* ShareUploadViewModel.swift in Sources */,
				B10000000000000000000004 /* ShareUploadView.swift in Sources */,
				B10000000000000000000009 /* AppDiagnostics.swift in Sources */,
				B10000000000000000000011 /* SharedIdentifiers.swift in Sources */,
				B10000000000000000000012 /* EagleConnection.swift in Sources */,
				B10000000000000000000013 /* EagleClientError.swift in Sources */,
				B10000000000000000000014 /* SharedSettingsStore.swift in Sources */,
				B10000000000000000000015 /* EagleUploadModels.swift in Sources */,
				B10000000000000000000016 /* Base64JSONBodyWriter.swift in Sources */,
				B10000000000000000000017 /* EagleAPIClient.swift in Sources */,
				B10000000000000000000018 /* MediaFileSupport.swift in Sources */,
				B10000000000000000000019 /* EagleTag.swift in Sources */,
				B1000000000000000000001A /* SendActionButton.swift in Sources */,
				B1000000000000000000001B /* SystemUploadNotifier.swift in Sources */,
				B1000000000000000000001C /* UploadQueueItemRow.swift in Sources */,
				B1000000000000000000001D /* ConnectionEditorDraft.swift in Sources */,
				B1000000000000000000001E /* ConnectionEditorComponents.swift in Sources */,
				B1000000000000000000001F /* TagSelectionView.swift in Sources */,
				B10000000000000000000020 /* ProEntitlementStore.swift in Sources */,
			);
			runOnlyForDeploymentPostprocessing = 0;
		};
		C20000000000000000000001 /* Sources */ = {
			isa = PBXSourcesBuildPhase;
			buildActionMask = 2147483647;
			files = (
				C30000000000000000000001 /* ConnectionsNavigationUITests.swift in Sources */,
			);
			runOnlyForDeploymentPostprocessing = 0;
		};
/* End PBXSourcesBuildPhase section */

/* Begin PBXTargetDependency section */
		E10000000000000000000002 /* PBXTargetDependency */ = {
			isa = PBXTargetDependency;
			target = F10000000000000000000003 /* EagleInboxShare */;
			targetProxy = E10000000000000000000001 /* PBXContainerItemProxy */;
		};
		E10000000000000000000004 /* PBXTargetDependency */ = {
			isa = PBXTargetDependency;
			target = F10000000000000000000002 /* EagleInbox */;
			targetProxy = E10000000000000000000003 /* PBXContainerItemProxy */;
		};
/* End PBXTargetDependency section */

/* Begin XCBuildConfiguration section */
		F20000000000000000000001 /* Debug */ = {
			isa = XCBuildConfiguration;
			buildSettings = {
				ALWAYS_SEARCH_USER_PATHS = NO;
				CLANG_ANALYZER_NONNULL = YES;
				CLANG_ANALYZER_NUMBER_OBJECT_CONVERSION = YES_AGGRESSIVE;
				CLANG_CXX_LANGUAGE_STANDARD = "gnu++20";
				CLANG_ENABLE_MODULES = YES;
				CLANG_ENABLE_OBJC_ARC = YES;
				CLANG_WARN_BOOL_CONVERSION = YES;
				CLANG_WARN_COMMA = YES;
				CLANG_WARN_CONSTANT_CONVERSION = YES;
				CLANG_WARN_DEPRECATED_OBJC_IMPLEMENTATIONS = YES;
				CLANG_WARN_DOCUMENTATION_COMMENTS = YES;
				CLANG_WARN_EMPTY_BODY = YES;
				CLANG_WARN_ENUM_CONVERSION = YES;
				CLANG_WARN_INFINITE_RECURSION = YES;
				CLANG_WARN_INT_CONVERSION = YES;
				CLANG_WARN_NON_LITERAL_NULL_CONVERSION = YES;
				CLANG_WARN_OBJC_IMPLICIT_RETAIN_SELF = YES;
				CLANG_WARN_OBJC_LITERAL_CONVERSION = YES;
				CLANG_WARN_QUOTED_INCLUDE_IN_FRAMEWORK_HEADER = YES;
				CLANG_WARN_RANGE_LOOP_ANALYSIS = YES;
				CLANG_WARN_STRICT_PROTOTYPES = YES;
				CLANG_WARN_SUSPICIOUS_MOVE = YES;
				CLANG_WARN_UNGUARDED_AVAILABILITY = YES_AGGRESSIVE;
				CLANG_WARN_UNREACHABLE_CODE = YES;
				COPY_PHASE_STRIP = NO;
				DEBUG_INFORMATION_FORMAT = dwarf;
				ENABLE_TESTABILITY = YES;
				ENABLE_USER_SCRIPT_SANDBOXING = YES;
				GCC_C_LANGUAGE_STANDARD = gnu17;
				GCC_DYNAMIC_NO_PIC = NO;
				GCC_NO_COMMON_BLOCKS = YES;
				GCC_OPTIMIZATION_LEVEL = 0;
				GCC_PREPROCESSOR_DEFINITIONS = (
					"DEBUG=1",
					"$(inherited)",
				);
				GCC_WARN_64_TO_32_BIT_CONVERSION = YES;
				GCC_WARN_ABOUT_RETURN_TYPE = YES_ERROR;
				GCC_WARN_UNDECLARED_SELECTOR = YES;
				GCC_WARN_UNINITIALIZED_AUTOS = YES_AGGRESSIVE;
				GCC_WARN_UNUSED_FUNCTION = YES;
				GCC_WARN_UNUSED_VARIABLE = YES;
				IPHONEOS_DEPLOYMENT_TARGET = 17.0;
				LOCALIZATION_PREFERS_STRING_CATALOGS = YES;
				MTL_ENABLE_DEBUG_INFO = INCLUDE_SOURCE;
				MTL_FAST_MATH = YES;
				ONLY_ACTIVE_ARCH = YES;
				SDKROOT = iphoneos;
				SWIFT_ACTIVE_COMPILATION_CONDITIONS = "DEBUG $(inherited)";
				SWIFT_OPTIMIZATION_LEVEL = "-Onone";
			};
			name = Debug;
		};
		F20000000000000000000002 /* Release */ = {
			isa = XCBuildConfiguration;
			buildSettings = {
				ALWAYS_SEARCH_USER_PATHS = NO;
				CLANG_ANALYZER_NONNULL = YES;
				CLANG_ANALYZER_NUMBER_OBJECT_CONVERSION = YES_AGGRESSIVE;
				CLANG_CXX_LANGUAGE_STANDARD = "gnu++20";
				CLANG_ENABLE_MODULES = YES;
				CLANG_ENABLE_OBJC_ARC = YES;
				CLANG_WARN_BOOL_CONVERSION = YES;
				CLANG_WARN_COMMA = YES;
				CLANG_WARN_CONSTANT_CONVERSION = YES;
				CLANG_WARN_DEPRECATED_OBJC_IMPLEMENTATIONS = YES;
				CLANG_WARN_DOCUMENTATION_COMMENTS = YES;
				CLANG_WARN_EMPTY_BODY = YES;
				CLANG_WARN_ENUM_CONVERSION = YES;
				CLANG_WARN_INFINITE_RECURSION = YES;
				CLANG_WARN_INT_CONVERSION = YES;
				CLANG_WARN_NON_LITERAL_NULL_CONVERSION = YES;
				CLANG_WARN_OBJC_IMPLICIT_RETAIN_SELF = YES;
				CLANG_WARN_OBJC_LITERAL_CONVERSION = YES;
				CLANG_WARN_QUOTED_INCLUDE_IN_FRAMEWORK_HEADER = YES;
				CLANG_WARN_RANGE_LOOP_ANALYSIS = YES;
				CLANG_WARN_STRICT_PROTOTYPES = YES;
				CLANG_WARN_SUSPICIOUS_MOVE = YES;
				CLANG_WARN_UNGUARDED_AVAILABILITY = YES_AGGRESSIVE;
				CLANG_WARN_UNREACHABLE_CODE = YES;
				COPY_PHASE_STRIP = NO;
				DEBUG_INFORMATION_FORMAT = "dwarf-with-dsym";
				ENABLE_NS_ASSERTIONS = NO;
				ENABLE_USER_SCRIPT_SANDBOXING = YES;
				GCC_C_LANGUAGE_STANDARD = gnu17;
				GCC_NO_COMMON_BLOCKS = YES;
				GCC_WARN_64_TO_32_BIT_CONVERSION = YES;
				GCC_WARN_ABOUT_RETURN_TYPE = YES_ERROR;
				GCC_WARN_UNDECLARED_SELECTOR = YES;
				GCC_WARN_UNINITIALIZED_AUTOS = YES_AGGRESSIVE;
				GCC_WARN_UNUSED_FUNCTION = YES;
				GCC_WARN_UNUSED_VARIABLE = YES;
				IPHONEOS_DEPLOYMENT_TARGET = 17.0;
				LOCALIZATION_PREFERS_STRING_CATALOGS = YES;
				MTL_ENABLE_DEBUG_INFO = NO;
				MTL_FAST_MATH = YES;
				SDKROOT = iphoneos;
				SWIFT_COMPILATION_MODE = wholemodule;
				VALIDATE_PRODUCT = YES;
			};
			name = Release;
		};
		F21000000000000000000001 /* Debug */ = {
			isa = XCBuildConfiguration;
			buildSettings = {
				ASSETCATALOG_COMPILER_APPICON_NAME = AppIcon;
				ASSETCATALOG_COMPILER_GLOBAL_ACCENT_COLOR_NAME = AccentColor;
				CODE_SIGN_ENTITLEMENTS = EagleInbox/EagleInbox.entitlements;
				CODE_SIGN_STYLE = Automatic;
				CURRENT_PROJECT_VERSION = 1;
				DEVELOPMENT_TEAM = 9FZPL7RMG9;
				ENABLE_PREVIEWS = YES;
				GENERATE_INFOPLIST_FILE = NO;
				INFOPLIST_FILE = EagleInbox/Info.plist;
				LD_RUNPATH_SEARCH_PATHS = (
					"$(inherited)",
					"@executable_path/Frameworks",
				);
				MARKETING_VERSION = 1.0;
				PRODUCT_BUNDLE_IDENTIFIER = com.tuki0918.EagleInbox;
				PRODUCT_NAME = "$(TARGET_NAME)";
				SUPPORTED_PLATFORMS = "iphoneos iphonesimulator";
				SUPPORTS_MACCATALYST = NO;
				SUPPORTS_MAC_DESIGNED_FOR_IPHONE_IPAD = YES;
				SWIFT_EMIT_LOC_STRINGS = YES;
				SWIFT_VERSION = 5.0;
				TARGETED_DEVICE_FAMILY = 1;
			};
			name = Debug;
		};
		F21000000000000000000002 /* Release */ = {
			isa = XCBuildConfiguration;
			buildSettings = {
				ASSETCATALOG_COMPILER_APPICON_NAME = AppIcon;
				ASSETCATALOG_COMPILER_GLOBAL_ACCENT_COLOR_NAME = AccentColor;
				CODE_SIGN_ENTITLEMENTS = EagleInbox/EagleInbox.entitlements;
				CODE_SIGN_STYLE = Automatic;
				CURRENT_PROJECT_VERSION = 1;
				DEVELOPMENT_TEAM = 9FZPL7RMG9;
				ENABLE_PREVIEWS = YES;
				EXCLUDED_SOURCE_FILE_NAMES = (
					IMG_0001.jpg,
					IMG_0111.jpg,
				);
				GENERATE_INFOPLIST_FILE = NO;
				INFOPLIST_FILE = EagleInbox/Info.plist;
				LD_RUNPATH_SEARCH_PATHS = (
					"$(inherited)",
					"@executable_path/Frameworks",
				);
				MARKETING_VERSION = 1.0;
				PRODUCT_BUNDLE_IDENTIFIER = com.tuki0918.EagleInbox;
				PRODUCT_NAME = "$(TARGET_NAME)";
				SUPPORTED_PLATFORMS = "iphoneos iphonesimulator";
				SUPPORTS_MACCATALYST = NO;
				SUPPORTS_MAC_DESIGNED_FOR_IPHONE_IPAD = YES;
				SWIFT_EMIT_LOC_STRINGS = YES;
				SWIFT_VERSION = 5.0;
				TARGETED_DEVICE_FAMILY = 1;
			};
			name = Release;
		};
		F22000000000000000000001 /* Debug */ = {
			isa = XCBuildConfiguration;
			buildSettings = {
				APPLICATION_EXTENSION_API_ONLY = YES;
				CODE_SIGN_ENTITLEMENTS = EagleInboxShare/EagleInboxShare.entitlements;
				CODE_SIGN_STYLE = Automatic;
				CURRENT_PROJECT_VERSION = 1;
				DEVELOPMENT_TEAM = 9FZPL7RMG9;
				GENERATE_INFOPLIST_FILE = NO;
				INFOPLIST_FILE = EagleInboxShare/Info.plist;
				LD_RUNPATH_SEARCH_PATHS = (
					"$(inherited)",
					"@executable_path/Frameworks",
					"@executable_path/../../Frameworks",
				);
				MARKETING_VERSION = 1.0;
				PRODUCT_BUNDLE_IDENTIFIER = com.tuki0918.EagleInbox.Share;
				PRODUCT_NAME = "$(TARGET_NAME)";
				SKIP_INSTALL = YES;
				SUPPORTED_PLATFORMS = "iphoneos iphonesimulator";
				SUPPORTS_MACCATALYST = NO;
				SUPPORTS_MAC_DESIGNED_FOR_IPHONE_IPAD = YES;
				SWIFT_EMIT_LOC_STRINGS = YES;
				SWIFT_VERSION = 5.0;
				TARGETED_DEVICE_FAMILY = 1;
			};
			name = Debug;
		};
		F22000000000000000000002 /* Release */ = {
			isa = XCBuildConfiguration;
			buildSettings = {
				APPLICATION_EXTENSION_API_ONLY = YES;
				CODE_SIGN_ENTITLEMENTS = EagleInboxShare/EagleInboxShare.entitlements;
				CODE_SIGN_STYLE = Automatic;
				CURRENT_PROJECT_VERSION = 1;
				DEVELOPMENT_TEAM = 9FZPL7RMG9;
				GENERATE_INFOPLIST_FILE = NO;
				INFOPLIST_FILE = EagleInboxShare/Info.plist;
				LD_RUNPATH_SEARCH_PATHS = (
					"$(inherited)",
					"@executable_path/Frameworks",
					"@executable_path/../../Frameworks",
				);
				MARKETING_VERSION = 1.0;
				PRODUCT_BUNDLE_IDENTIFIER = com.tuki0918.EagleInbox.Share;
				PRODUCT_NAME = "$(TARGET_NAME)";
				SKIP_INSTALL = YES;
				SUPPORTED_PLATFORMS = "iphoneos iphonesimulator";
				SUPPORTS_MACCATALYST = NO;
				SUPPORTS_MAC_DESIGNED_FOR_IPHONE_IPAD = YES;
				SWIFT_EMIT_LOC_STRINGS = YES;
				SWIFT_VERSION = 5.0;
				TARGETED_DEVICE_FAMILY = 1;
			};
			name = Release;
		};
		F23000000000000000000001 /* Debug */ = {
			isa = XCBuildConfiguration;
			buildSettings = {
				CODE_SIGN_STYLE = Automatic;
				CURRENT_PROJECT_VERSION = 1;
				DEVELOPMENT_TEAM = 9FZPL7RMG9;
				GENERATE_INFOPLIST_FILE = YES;
				MARKETING_VERSION = 1.0;
				PRODUCT_BUNDLE_IDENTIFIER = com.tuki0918.EagleInboxUITests;
				PRODUCT_NAME = "$(TARGET_NAME)";
				SKIP_INSTALL = YES;
				SUPPORTED_PLATFORMS = "iphoneos iphonesimulator";
				SUPPORTS_MACCATALYST = NO;
				SUPPORTS_MAC_DESIGNED_FOR_IPHONE_IPAD = NO;
				SWIFT_EMIT_LOC_STRINGS = NO;
				SWIFT_VERSION = 5.0;
				TARGETED_DEVICE_FAMILY = 1;
				TEST_TARGET_NAME = EagleInbox;
			};
			name = Debug;
		};
		F23000000000000000000002 /* Release */ = {
			isa = XCBuildConfiguration;
			buildSettings = {
				CODE_SIGN_STYLE = Automatic;
				CURRENT_PROJECT_VERSION = 1;
				DEVELOPMENT_TEAM = 9FZPL7RMG9;
				GENERATE_INFOPLIST_FILE = YES;
				MARKETING_VERSION = 1.0;
				PRODUCT_BUNDLE_IDENTIFIER = com.tuki0918.EagleInboxUITests;
				PRODUCT_NAME = "$(TARGET_NAME)";
				SKIP_INSTALL = YES;
				SUPPORTED_PLATFORMS = "iphoneos iphonesimulator";
				SUPPORTS_MACCATALYST = NO;
				SUPPORTS_MAC_DESIGNED_FOR_IPHONE_IPAD = NO;
				SWIFT_EMIT_LOC_STRINGS = NO;
				SWIFT_VERSION = 5.0;
				TARGETED_DEVICE_FAMILY = 1;
				TEST_TARGET_NAME = EagleInbox;
			};
			name = Release;
		};
/* End XCBuildConfiguration section */

/* Begin XCConfigurationList section */
		F30000000000000000000001 /* Build configuration list for PBXProject "EagleInbox" */ = {
			isa = XCConfigurationList;
			buildConfigurations = (
				F20000000000000000000001 /* Debug */,
				F20000000000000000000002 /* Release */,
			);
			defaultConfigurationIsVisible = 0;
			defaultConfigurationName = Release;
		};
		F30000000000000000000002 /* Build configuration list for PBXNativeTarget "EagleInbox" */ = {
			isa = XCConfigurationList;
			buildConfigurations = (
				F21000000000000000000001 /* Debug */,
				F21000000000000000000002 /* Release */,
			);
			defaultConfigurationIsVisible = 0;
			defaultConfigurationName = Release;
		};
		F30000000000000000000003 /* Build configuration list for PBXNativeTarget "EagleInboxShare" */ = {
			isa = XCConfigurationList;
			buildConfigurations = (
				F22000000000000000000001 /* Debug */,
				F22000000000000000000002 /* Release */,
			);
			defaultConfigurationIsVisible = 0;
			defaultConfigurationName = Release;
		};
		F30000000000000000000004 /* Build configuration list for PBXNativeTarget "EagleInboxUITests" */ = {
			isa = XCConfigurationList;
			buildConfigurations = (
				F23000000000000000000001 /* Debug */,
				F23000000000000000000002 /* Release */,
			);
			defaultConfigurationIsVisible = 0;
			defaultConfigurationName = Release;
		};
/* End XCConfigurationList section */
	};
	rootObject = F10000000000000000000001 /* Project object */;
}
